
Microsoft Visual Studio Solution File, Format Version 12.00
# Visual Studio Version 17
VisualStudioVersion = 17.10.34928.147
MinimumVisualStudioVersion = 10.0.40219.1
Project("{FAE04EC0-301F-11D3-BF4B-00C04F79EFBC}") = "MensajeNombre", "MensajeNombre\MensajeNombre.csproj", "{6A8B9E19-A3E9-4F77-A6F3-B3552705FD75}"
EndProject
Project("{FAE04EC0-301F-11D3-BF4B-00C04F79EFBC}") = "Invertido", "Invertido\Invertido.csproj", "{A6216B8D-D845-45EE-ACBC-F497D947469E}"
EndProject
Project("{FAE04EC0-301F-11D3-BF4B-00C04F79EFBC}") = "FraseConAsteriscos", "FraseConAsteriscos\FraseConAsteriscos.csproj", "{8A6C11CD-4DBF-4A59-A5D2-E2EE509B87B9}"
EndProject
Project("{FAE04EC0-301F-11D3-BF4B-00C04F79EFBC}") = "MayusculaMinuscula", "MayusculaMinuscula\MayusculaMinuscula.csproj", "{541CC104-7B2F-4888-882B-E58EB1BF0CAC}"
EndProject
Project("{FAE04EC0-301F-11D3-BF4B-00C04F79EFBC}") = "FrasePalabra", "FrasePalabra\FrasePalabra.csproj", "{8CC97524-3E15-4836-B3D8-ACFDD90DEC10}"
EndProject
Project("{FAE04EC0-301F-11D3-BF4B-00C04F79EFBC}") = "Polindromoi", "Polindromoi\Polindromoi.csproj", "{9C7165E1-A5FB-4B64-A89B-A9D518C7547B}"
EndProject
Project("{FAE04EC0-301F-11D3-BF4B-00C04F79EFBC}") = "ContadorPolindromo", "ContadorPolindromo\ContadorPolindromo.csproj", "{D6D9FEFD-A936-40BC-A969-9016CF575D63}"
EndProject
Project("{FAE04EC0-301F-11D3-BF4B-00C04F79EFBC}") = "PalabrasRepetidas", "PalabrasRepetidas\PalabrasRepetidas.csproj", "{C9370F7A-FC36-46D1-8710-A2E4AB99CAE2}"
EndProject
Global
	GlobalSection(SolutionConfigurationPlatforms) = preSolution
		Debug|Any CPU = Debug|Any CPU
		Release|Any CPU = Release|Any CPU
	EndGlobalSection
	GlobalSection(ProjectConfigurationPlatforms) = postSolution
		{6A8B9E19-A3E9-4F77-A6F3-B3552705FD75}.Debug|Any CPU.ActiveCfg = Debug|Any CPU
		{6A8B9E19-A3E9-4F77-A6F3-B3552705FD75}.Debug|Any CPU.Build.0 = Debug|Any CPU
		{6A8B9E19-A3E9-4F77-A6F3-B3552705FD75}.Release|Any CPU.ActiveCfg = Release|Any CPU
		{6A8B9E19-A3E9-4F77-A6F3-B3552705FD75}.Release|Any CPU.Build.0 = Release|Any CPU
		{A6216B8D-D845-45EE-ACBC-F497D947469E}.Debug|Any CPU.ActiveCfg = Debug|Any CPU
		{A6216B8D-D845-45EE-ACBC-F497D947469E}.Debug|Any CPU.Build.0 = Debug|Any CPU
		{A6216B8D-D845-45EE-ACBC-F497D947469E}.Release|Any CPU.ActiveCfg = Release|Any CPU
		{A6216B8D-D845-45EE-ACBC-F497D947469E}.Release|Any CPU.Build.0 = Release|Any CPU
		{8A6C11CD-4DBF-4A59-A5D2-E2EE509B87B9}.Debug|Any CPU.ActiveCfg = Debug|Any CPU
		{8A6C11CD-4DBF-4A59-A5D2-E2EE509B87B9}.Debug|Any CPU.Build.0 = Debug|Any CPU
		{8A6C11CD-4DBF-4A59-A5D2-E2EE509B87B9}.Release|Any CPU.ActiveCfg = Release|Any CPU
		{8A6C11CD-4DBF-4A59-A5D2-E2EE509B87B9}.Release|Any CPU.Build.0 = Release|Any CPU
		{541CC104-7B2F-4888-882B-E58EB1BF0CAC}.Debug|Any CPU.ActiveCfg = Debug|Any CPU
		{541CC104-7B2F-4888-882B-E58EB1BF0CAC}.Debug|Any CPU.Build.0 = Debug|Any CPU
		{541CC104-7B2F-4888-882B-E58EB1BF0CAC}.Release|Any CPU.ActiveCfg = Release|Any CPU
		{541CC104-7B2F-4888-882B-E58EB1BF0CAC}.Release|Any CPU.Build.0 = Release|Any CPU
		{8CC97524-3E15-4836-B3D8-ACFDD90DEC10}.Debug|Any CPU.ActiveCfg = Debug|Any CPU
		{8CC97524-3E15-4836-B3D8-ACFDD90DEC10}.Debug|Any CPU.Build.0 = Debug|Any CPU
		{8CC97524-3E15-4836-B3D8-ACFDD90DEC10}.Release|Any CPU.ActiveCfg = Release|Any CPU
		{8CC97524-3E15-4836-B3D8-ACFDD90DEC10}.Release|Any CPU.Build.0 = Release|Any CPU
		{9C7165E1-A5FB-4B64-A89B-A9D518C7547B}.Debug|Any CPU.ActiveCfg = Debug|Any CPU
		{9C7165E1-A5FB-4B64-A89B-A9D518C7547B}.Debug|Any CPU.Build.0 = Debug|Any CPU
		{9C7165E1-A5FB-4B64-A89B-A9D518C7547B}.Release|Any CPU.ActiveCfg = Release|Any CPU
		{9C7165E1-A5FB-4B64-A89B-A9D518C7547B}.Release|Any CPU.Build.0 = Release|Any CPU
		{D6D9FEFD-A936-40BC-A969-9016CF575D63}.Debug|Any CPU.ActiveCfg = Debug|Any CPU
		{D6D9FEFD-A936-40BC-A969-9016CF575D63}.Debug|Any CPU.Build.0 = Debug|Any CPU
		{D6D9FEFD-A936-40BC-A969-9016CF575D63}.Release|Any CPU.ActiveCfg = Release|Any CPU
		{D6D9FEFD-A936-40BC-A969-9016CF575D63}.Release|Any CPU.Build.0 = Release|Any CPU
		{C9370F7A-FC36-46D1-8710-A2E4AB99CAE2}.Debug|Any CPU.ActiveCfg = Debug|Any CPU
		{C9370F7A-FC36-46D1-8710-A2E4AB99CAE2}.Debug|Any CPU.Build.0 = Debug|Any CPU
		{C9370F7A-FC36-46D1-8710-A2E4AB99CAE2}.Release|Any CPU.ActiveCfg = Release|Any CPU
		{C9370F7A-FC36-46D1-8710-A2E4AB99CAE2}.Release|Any CPU.Build.0 = Release|Any CPU
	EndGlobalSection
	GlobalSection(SolutionProperties) = preSolution
		HideSolutionNode = FALSE
	EndGlobalSection
	GlobalSection(ExtensibilityGlobals) = postSolution
		SolutionGuid = {F67F7F79-D1E4-4D8C-A89A-DB29131910DF}
	EndGlobalSection
EndGlobal
